Microsoft Visual Studio Solution File, Format Version 12.00
# Visual Studio 2012
Project("{FAE04EC0-301F-11D3-BF4B-00C04F79EFBC}") = "BulletHellGD", "BulletHellGD.csproj", "{FBCB44EA-6FD7-4547-8AD1-0690639A6DE5}"
EndProject
Global
	GlobalSection(SolutionConfigurationPlatforms) = preSolution
	Debug|Any CPU = Debug|Any CPU
	ExportDebug|Any CPU = ExportDebug|Any CPU
	ExportRelease|Any CPU = ExportRelease|Any CPU
	EndGlobalSection
	GlobalSection(ProjectConfigurationPlatforms) = postSolution
		{FBCB44EA-6FD7-4547-8AD1-0690639A6DE5}.Debug|Any CPU.ActiveCfg = Debug|Any CPU
		{FBCB44EA-6FD7-4547-8AD1-0690639A6DE5}.Debug|Any CPU.Build.0 = Debug|Any CPU
		{FBCB44EA-6FD7-4547-8AD1-0690639A6DE5}.ExportDebug|Any CPU.ActiveCfg = ExportDebug|Any CPU
		{FBCB44EA-6FD7-4547-8AD1-0690639A6DE5}.ExportDebug|Any CPU.Build.0 = ExportDebug|Any CPU
		{FBCB44EA-6FD7-4547-8AD1-0690639A6DE5}.ExportRelease|Any CPU.ActiveCfg = ExportRelease|Any CPU
		{FBCB44EA-6FD7-4547-8AD1-0690639A6DE5}.ExportRelease|Any CPU.Build.0 = ExportRelease|Any CPU
	EndGlobalSection
EndGlobal
